
Microsoft Visual Studio Solution File, Format Version 12.00
# Visual Studio Version 17
VisualStudioVersion = 17.6.33829.357
MinimumVisualStudioVersion = 10.0.40219.1
Project("{FAE04EC0-301F-11D3-BF4B-00C04F79EFBC}") = "TCPClient", "TCPClient\TCPClient.csproj", "{20A529AF-2C4F-43DA-B479-CFA1D9EBF98A}"
EndProject
Project("{FAE04EC0-301F-11D3-BF4B-00C04F79EFBC}") = "TCPServer", "TCPServer\TCPServer.csproj", "{BBD5122F-E8B9-4E4E-878E-C1E0CBE0BA8F}"
EndProject
Project("{FAE04EC0-301F-11D3-BF4B-00C04F79EFBC}") = "Task1TestUnit", "Task1TestUnit\Task1TestUnit.csproj", "{3DD6F198-2661-44A3-BAB5-D31C66E8FD58}"
EndProject
Global
	GlobalSection(SolutionConfigurationPlatforms) = preSolution
		Debug|Any CPU = Debug|Any CPU
		Release|Any CPU = Release|Any CPU
	EndGlobalSection
	GlobalSection(ProjectConfigurationPlatforms) = postSolution
		{20A529AF-2C4F-43DA-B479-CFA1D9EBF98A}.Debug|Any CPU.ActiveCfg = Debug|Any CPU
		{20A529AF-2C4F-43DA-B479-CFA1D9EBF98A}.Debug|Any CPU.Build.0 = Debug|Any CPU
		{20A529AF-2C4F-43DA-B479-CFA1D9EBF98A}.Release|Any CPU.ActiveCfg = Release|Any CPU
		{20A529AF-2C4F-43DA-B479-CFA1D9EBF98A}.Release|Any CPU.Build.0 = Release|Any CPU
		{BBD5122F-E8B9-4E4E-878E-C1E0CBE0BA8F}.Debug|Any CPU.ActiveCfg = Debug|Any CPU
		{BBD5122F-E8B9-4E4E-878E-C1E0CBE0BA8F}.Debug|Any CPU.Build.0 = Debug|Any CPU
		{BBD5122F-E8B9-4E4E-878E-C1E0CBE0BA8F}.Release|Any CPU.ActiveCfg = Release|Any CPU
		{BBD5122F-E8B9-4E4E-878E-C1E0CBE0BA8F}.Release|Any CPU.Build.0 = Release|Any CPU
		{3DD6F198-2661-44A3-BAB5-D31C66E8FD58}.Debug|Any CPU.ActiveCfg = Debug|Any CPU
		{3DD6F198-2661-44A3-BAB5-D31C66E8FD58}.Debug|Any CPU.Build.0 = Debug|Any CPU
		{3DD6F198-2661-44A3-BAB5-D31C66E8FD58}.Release|Any CPU.ActiveCfg = Release|Any CPU
		{3DD6F198-2661-44A3-BAB5-D31C66E8FD58}.Release|Any CPU.Build.0 = Release|Any CPU
	EndGlobalSection
	GlobalSection(SolutionProperties) = preSolution
		HideSolutionNode = FALSE
	EndGlobalSection
	GlobalSection(ExtensibilityGlobals) = postSolution
		SolutionGuid = {7387C707-C14A-4BB7-A8D3-3205A4E63A84}
	EndGlobalSection
EndGlobal
