
Microsoft Visual Studio Solution File, Format Version 12.00
# Visual Studio Version 17
VisualStudioVersion = 17.4.33205.214
MinimumVisualStudioVersion = 10.0.40219.1
Project("{FAE04EC0-301F-11D3-BF4B-00C04F79EFBC}") = "Homework1", "Homework1\Homework1.csproj", "{AB63D783-BE9B-467E-893A-FAC276C9ACA7}"
EndProject
Global
	GlobalSection(SolutionConfigurationPlatforms) = preSolution
		Debug|Any CPU = Debug|Any CPU
		Release|Any CPU = Release|Any CPU
	EndGlobalSection
	GlobalSection(ProjectConfigurationPlatforms) = postSolution
		{AB63D783-BE9B-467E-893A-FAC276C9ACA7}.Debug|Any CPU.ActiveCfg = Debug|Any CPU
		{AB63D783-BE9B-467E-893A-FAC276C9ACA7}.Debug|Any CPU.Build.0 = Debug|Any CPU
		{AB63D783-BE9B-467E-893A-FAC276C9ACA7}.Release|Any CPU.ActiveCfg = Release|Any CPU
		{AB63D783-BE9B-467E-893A-FAC276C9ACA7}.Release|Any CPU.Build.0 = Release|Any CPU
	EndGlobalSection
	GlobalSection(SolutionProperties) = preSolution
		HideSolutionNode = FALSE
	EndGlobalSection
	GlobalSection(ExtensibilityGlobals) = postSolution
		SolutionGuid = {D0D2F739-2FDB-4C22-B55C-7ADC53D0213D}
	EndGlobalSection
EndGlobal
