
Microsoft Visual Studio Solution File, Format Version 12.00
# Visual Studio Version 17
VisualStudioVersion = 17.4.33205.214
MinimumVisualStudioVersion = 10.0.40219.1
Project("{FAE04EC0-301F-11D3-BF4B-00C04F79EFBC}") = "Task2", "Task2\Task2.csproj", "{E8CB5B1F-7A5B-45E0-A9CE-829DB6848E9B}"
EndProject
Global
	GlobalSection(SolutionConfigurationPlatforms) = preSolution
		Debug|Any CPU = Debug|Any CPU
		Release|Any CPU = Release|Any CPU
	EndGlobalSection
	GlobalSection(ProjectConfigurationPlatforms) = postSolution
		{E8CB5B1F-7A5B-45E0-A9CE-829DB6848E9B}.Debug|Any CPU.ActiveCfg = Debug|Any CPU
		{E8CB5B1F-7A5B-45E0-A9CE-829DB6848E9B}.Debug|Any CPU.Build.0 = Debug|Any CPU
		{E8CB5B1F-7A5B-45E0-A9CE-829DB6848E9B}.Release|Any CPU.ActiveCfg = Release|Any CPU
		{E8CB5B1F-7A5B-45E0-A9CE-829DB6848E9B}.Release|Any CPU.Build.0 = Release|Any CPU
	EndGlobalSection
	GlobalSection(SolutionProperties) = preSolution
		HideSolutionNode = FALSE
	EndGlobalSection
	GlobalSection(ExtensibilityGlobals) = postSolution
		SolutionGuid = {09D0E84C-1F5D-4023-BC07-97FF9CBE9975}
	EndGlobalSection
EndGlobal
